
Microsoft Visual Studio Solution File, Format Version 12.00
# Visual Studio Version 16
VisualStudioVersion = 16.0.30204.135
MinimumVisualStudioVersion = 10.0.40219.1
Project("{FAE04EC0-301F-11D3-BF4B-00C04F79EFBC}") = "2D_Editor", "2D_Editor\2D_Editor.csproj", "{0D033C58-F36B-49CF-8E43-644EA3000EF6}"
EndProject
Project("{FAE04EC0-301F-11D3-BF4B-00C04F79EFBC}") = "ImmersivePresentation", "ImmersivePresentation\ImmersivePresentation.csproj", "{7C1CD851-2A83-42F1-9EE1-99BB7CDB40CE}"
EndProject
Global
	GlobalSection(SolutionConfigurationPlatforms) = preSolution
		Debug|Any CPU = Debug|Any CPU
		Release|Any CPU = Release|Any CPU
	EndGlobalSection
	GlobalSection(ProjectConfigurationPlatforms) = postSolution
		{0D033C58-F36B-49CF-8E43-644EA3000EF6}.Debug|Any CPU.ActiveCfg = Debug|Any CPU
		{0D033C58-F36B-49CF-8E43-644EA3000EF6}.Debug|Any CPU.Build.0 = Debug|Any CPU
		{0D033C58-F36B-49CF-8E43-644EA3000EF6}.Release|Any CPU.ActiveCfg = Release|Any CPU
		{0D033C58-F36B-49CF-8E43-644EA3000EF6}.Release|Any CPU.Build.0 = Release|Any CPU
		{7C1CD851-2A83-42F1-9EE1-99BB7CDB40CE}.Debug|Any CPU.ActiveCfg = Debug|Any CPU
		{7C1CD851-2A83-42F1-9EE1-99BB7CDB40CE}.Debug|Any CPU.Build.0 = Debug|Any CPU
		{7C1CD851-2A83-42F1-9EE1-99BB7CDB40CE}.Release|Any CPU.ActiveCfg = Release|Any CPU
		{7C1CD851-2A83-42F1-9EE1-99BB7CDB40CE}.Release|Any CPU.Build.0 = Release|Any CPU
	EndGlobalSection
	GlobalSection(SolutionProperties) = preSolution
		HideSolutionNode = FALSE
	EndGlobalSection
	GlobalSection(ExtensibilityGlobals) = postSolution
		SolutionGuid = {627D624C-10C8-4FA4-9EB1-7D2CF187182E}
	EndGlobalSection
EndGlobal
