
Microsoft Visual Studio Solution File, Format Version 12.00
# Visual Studio Version 16
VisualStudioVersion = 16.0.30204.135
MinimumVisualStudioVersion = 10.0.40219.1
Project("{FAE04EC0-301F-11D3-BF4B-00C04F79EFBC}") = "2D_Editor", "2D_Editor\2D_Editor.csproj", "{0D033C58-F36B-49CF-8E43-644EA3000EF6}"
EndProject
Project("{9A19103F-16F7-4668-BE54-9A1E7A4F7556}") = "ImmersivePresentation", "ImmersivePresentation\ImmersivePresentation.csproj", "{7C1CD851-2A83-42F1-9EE1-99BB7CDB40CE}"
EndProject
Project("{9A19103F-16F7-4668-BE54-9A1E7A4F7556}") = "CoordinatorConnectorLibrary", "CoordinatorConnectorLibrary\CoordinatorConnectorLibrary.csproj", "{BE5A1C42-90B3-4839-AB01-4D2B8DB97431}"
EndProject
Project("{C7167F0D-BC9F-4E6E-AFE1-012C56B48DB5}") = "ImPres2DInstaller", "ImPres2DInstaller\ImPres2DInstaller.wapproj", "{0664AF78-3718-4871-99E6-AB2C48094C7E}"
EndProject
Global
	GlobalSection(SolutionConfigurationPlatforms) = preSolution
		Debug|Any CPU = Debug|Any CPU
		Debug|ARM = Debug|ARM
		Debug|ARM64 = Debug|ARM64
		Debug|x64 = Debug|x64
		Debug|x86 = Debug|x86
		Release|Any CPU = Release|Any CPU
		Release|ARM = Release|ARM
		Release|ARM64 = Release|ARM64
		Release|x64 = Release|x64
		Release|x86 = Release|x86
	EndGlobalSection
	GlobalSection(ProjectConfigurationPlatforms) = postSolution
		{0D033C58-F36B-49CF-8E43-644EA3000EF6}.Debug|Any CPU.ActiveCfg = Debug|Any CPU
		{0D033C58-F36B-49CF-8E43-644EA3000EF6}.Debug|Any CPU.Build.0 = Debug|Any CPU
		{0D033C58-F36B-49CF-8E43-644EA3000EF6}.Debug|ARM.ActiveCfg = Debug|Any CPU
		{0D033C58-F36B-49CF-8E43-644EA3000EF6}.Debug|ARM.Build.0 = Debug|Any CPU
		{0D033C58-F36B-49CF-8E43-644EA3000EF6}.Debug|ARM64.ActiveCfg = Debug|Any CPU
		{0D033C58-F36B-49CF-8E43-644EA3000EF6}.Debug|ARM64.Build.0 = Debug|Any CPU
		{0D033C58-F36B-49CF-8E43-644EA3000EF6}.Debug|x64.ActiveCfg = Debug|Any CPU
		{0D033C58-F36B-49CF-8E43-644EA3000EF6}.Debug|x64.Build.0 = Debug|Any CPU
		{0D033C58-F36B-49CF-8E43-644EA3000EF6}.Debug|x86.ActiveCfg = Debug|Any CPU
		{0D033C58-F36B-49CF-8E43-644EA3000EF6}.Debug|x86.Build.0 = Debug|Any CPU
		{0D033C58-F36B-49CF-8E43-644EA3000EF6}.Release|Any CPU.ActiveCfg = Release|Any CPU
		{0D033C58-F36B-49CF-8E43-644EA3000EF6}.Release|Any CPU.Build.0 = Release|Any CPU
		{0D033C58-F36B-49CF-8E43-644EA3000EF6}.Release|ARM.ActiveCfg = Release|Any CPU
		{0D033C58-F36B-49CF-8E43-644EA3000EF6}.Release|ARM.Build.0 = Release|Any CPU
		{0D033C58-F36B-49CF-8E43-644EA3000EF6}.Release|ARM64.ActiveCfg = Release|Any CPU
		{0D033C58-F36B-49CF-8E43-644EA3000EF6}.Release|ARM64.Build.0 = Release|Any CPU
		{0D033C58-F36B-49CF-8E43-644EA3000EF6}.Release|x64.ActiveCfg = Release|x64
		{0D033C58-F36B-49CF-8E43-644EA3000EF6}.Release|x64.Build.0 = Release|x64
		{0D033C58-F36B-49CF-8E43-644EA3000EF6}.Release|x86.ActiveCfg = Release|x86
		{0D033C58-F36B-49CF-8E43-644EA3000EF6}.Release|x86.Build.0 = Release|x86
		{7C1CD851-2A83-42F1-9EE1-99BB7CDB40CE}.Debug|Any CPU.ActiveCfg = Debug|Any CPU
		{7C1CD851-2A83-42F1-9EE1-99BB7CDB40CE}.Debug|Any CPU.Build.0 = Debug|Any CPU
		{7C1CD851-2A83-42F1-9EE1-99BB7CDB40CE}.Debug|ARM.ActiveCfg = Debug|Any CPU
		{7C1CD851-2A83-42F1-9EE1-99BB7CDB40CE}.Debug|ARM.Build.0 = Debug|Any CPU
		{7C1CD851-2A83-42F1-9EE1-99BB7CDB40CE}.Debug|ARM64.ActiveCfg = Debug|Any CPU
		{7C1CD851-2A83-42F1-9EE1-99BB7CDB40CE}.Debug|ARM64.Build.0 = Debug|Any CPU
		{7C1CD851-2A83-42F1-9EE1-99BB7CDB40CE}.Debug|x64.ActiveCfg = Debug|Any CPU
		{7C1CD851-2A83-42F1-9EE1-99BB7CDB40CE}.Debug|x64.Build.0 = Debug|Any CPU
		{7C1CD851-2A83-42F1-9EE1-99BB7CDB40CE}.Debug|x86.ActiveCfg = Debug|Any CPU
		{7C1CD851-2A83-42F1-9EE1-99BB7CDB40CE}.Debug|x86.Build.0 = Debug|Any CPU
		{7C1CD851-2A83-42F1-9EE1-99BB7CDB40CE}.Release|Any CPU.ActiveCfg = Release|Any CPU
		{7C1CD851-2A83-42F1-9EE1-99BB7CDB40CE}.Release|Any CPU.Build.0 = Release|Any CPU
		{7C1CD851-2A83-42F1-9EE1-99BB7CDB40CE}.Release|ARM.ActiveCfg = Release|Any CPU
		{7C1CD851-2A83-42F1-9EE1-99BB7CDB40CE}.Release|ARM.Build.0 = Release|Any CPU
		{7C1CD851-2A83-42F1-9EE1-99BB7CDB40CE}.Release|ARM64.ActiveCfg = Release|Any CPU
		{7C1CD851-2A83-42F1-9EE1-99BB7CDB40CE}.Release|ARM64.Build.0 = Release|Any CPU
		{7C1CD851-2A83-42F1-9EE1-99BB7CDB40CE}.Release|x64.ActiveCfg = Release|x64
		{7C1CD851-2A83-42F1-9EE1-99BB7CDB40CE}.Release|x64.Build.0 = Release|x64
		{7C1CD851-2A83-42F1-9EE1-99BB7CDB40CE}.Release|x86.ActiveCfg = Release|x86
		{7C1CD851-2A83-42F1-9EE1-99BB7CDB40CE}.Release|x86.Build.0 = Release|x86
		{BE5A1C42-90B3-4839-AB01-4D2B8DB97431}.Debug|Any CPU.ActiveCfg = Debug|Any CPU
		{BE5A1C42-90B3-4839-AB01-4D2B8DB97431}.Debug|Any CPU.Build.0 = Debug|Any CPU
		{BE5A1C42-90B3-4839-AB01-4D2B8DB97431}.Debug|ARM.ActiveCfg = Debug|Any CPU
		{BE5A1C42-90B3-4839-AB01-4D2B8DB97431}.Debug|ARM.Build.0 = Debug|Any CPU
		{BE5A1C42-90B3-4839-AB01-4D2B8DB97431}.Debug|ARM64.ActiveCfg = Debug|Any CPU
		{BE5A1C42-90B3-4839-AB01-4D2B8DB97431}.Debug|ARM64.Build.0 = Debug|Any CPU
		{BE5A1C42-90B3-4839-AB01-4D2B8DB97431}.Debug|x64.ActiveCfg = Debug|Any CPU
		{BE5A1C42-90B3-4839-AB01-4D2B8DB97431}.Debug|x64.Build.0 = Debug|Any CPU
		{BE5A1C42-90B3-4839-AB01-4D2B8DB97431}.Debug|x86.ActiveCfg = Debug|Any CPU
		{BE5A1C42-90B3-4839-AB01-4D2B8DB97431}.Debug|x86.Build.0 = Debug|Any CPU
		{BE5A1C42-90B3-4839-AB01-4D2B8DB97431}.Release|Any CPU.ActiveCfg = Release|Any CPU
		{BE5A1C42-90B3-4839-AB01-4D2B8DB97431}.Release|Any CPU.Build.0 = Release|Any CPU
		{BE5A1C42-90B3-4839-AB01-4D2B8DB97431}.Release|ARM.ActiveCfg = Release|Any CPU
		{BE5A1C42-90B3-4839-AB01-4D2B8DB97431}.Release|ARM.Build.0 = Release|Any CPU
		{BE5A1C42-90B3-4839-AB01-4D2B8DB97431}.Release|ARM64.ActiveCfg = Release|Any CPU
		{BE5A1C42-90B3-4839-AB01-4D2B8DB97431}.Release|ARM64.Build.0 = Release|Any CPU
		{BE5A1C42-90B3-4839-AB01-4D2B8DB97431}.Release|x64.ActiveCfg = Release|x64
		{BE5A1C42-90B3-4839-AB01-4D2B8DB97431}.Release|x64.Build.0 = Release|x64
		{BE5A1C42-90B3-4839-AB01-4D2B8DB97431}.Release|x86.ActiveCfg = Release|x86
		{BE5A1C42-90B3-4839-AB01-4D2B8DB97431}.Release|x86.Build.0 = Release|x86
		{0664AF78-3718-4871-99E6-AB2C48094C7E}.Debug|Any CPU.ActiveCfg = Debug|Any CPU
		{0664AF78-3718-4871-99E6-AB2C48094C7E}.Debug|Any CPU.Build.0 = Debug|Any CPU
		{0664AF78-3718-4871-99E6-AB2C48094C7E}.Debug|Any CPU.Deploy.0 = Debug|Any CPU
		{0664AF78-3718-4871-99E6-AB2C48094C7E}.Debug|ARM.ActiveCfg = Debug|ARM
		{0664AF78-3718-4871-99E6-AB2C48094C7E}.Debug|ARM.Build.0 = Debug|ARM
		{0664AF78-3718-4871-99E6-AB2C48094C7E}.Debug|ARM.Deploy.0 = Debug|ARM
		{0664AF78-3718-4871-99E6-AB2C48094C7E}.Debug|ARM64.ActiveCfg = Debug|ARM64
		{0664AF78-3718-4871-99E6-AB2C48094C7E}.Debug|ARM64.Build.0 = Debug|ARM64
		{0664AF78-3718-4871-99E6-AB2C48094C7E}.Debug|ARM64.Deploy.0 = Debug|ARM64
		{0664AF78-3718-4871-99E6-AB2C48094C7E}.Debug|x64.ActiveCfg = Debug|x64
		{0664AF78-3718-4871-99E6-AB2C48094C7E}.Debug|x64.Build.0 = Debug|x64
		{0664AF78-3718-4871-99E6-AB2C48094C7E}.Debug|x64.Deploy.0 = Debug|x64
		{0664AF78-3718-4871-99E6-AB2C48094C7E}.Debug|x86.ActiveCfg = Debug|x86
		{0664AF78-3718-4871-99E6-AB2C48094C7E}.Debug|x86.Build.0 = Debug|x86
		{0664AF78-3718-4871-99E6-AB2C48094C7E}.Debug|x86.Deploy.0 = Debug|x86
		{0664AF78-3718-4871-99E6-AB2C48094C7E}.Release|Any CPU.ActiveCfg = Release|Any CPU
		{0664AF78-3718-4871-99E6-AB2C48094C7E}.Release|Any CPU.Build.0 = Release|Any CPU
		{0664AF78-3718-4871-99E6-AB2C48094C7E}.Release|Any CPU.Deploy.0 = Release|Any CPU
		{0664AF78-3718-4871-99E6-AB2C48094C7E}.Release|ARM.ActiveCfg = Release|ARM
		{0664AF78-3718-4871-99E6-AB2C48094C7E}.Release|ARM.Build.0 = Release|ARM
		{0664AF78-3718-4871-99E6-AB2C48094C7E}.Release|ARM.Deploy.0 = Release|ARM
		{0664AF78-3718-4871-99E6-AB2C48094C7E}.Release|ARM64.ActiveCfg = Release|ARM64
		{0664AF78-3718-4871-99E6-AB2C48094C7E}.Release|ARM64.Build.0 = Release|ARM64
		{0664AF78-3718-4871-99E6-AB2C48094C7E}.Release|ARM64.Deploy.0 = Release|ARM64
		{0664AF78-3718-4871-99E6-AB2C48094C7E}.Release|x64.ActiveCfg = Release|x64
		{0664AF78-3718-4871-99E6-AB2C48094C7E}.Release|x64.Build.0 = Release|x64
		{0664AF78-3718-4871-99E6-AB2C48094C7E}.Release|x64.Deploy.0 = Release|x64
		{0664AF78-3718-4871-99E6-AB2C48094C7E}.Release|x86.ActiveCfg = Release|x86
		{0664AF78-3718-4871-99E6-AB2C48094C7E}.Release|x86.Build.0 = Release|x86
		{0664AF78-3718-4871-99E6-AB2C48094C7E}.Release|x86.Deploy.0 = Release|x86
	EndGlobalSection
	GlobalSection(SolutionProperties) = preSolution
		HideSolutionNode = FALSE
	EndGlobalSection
	GlobalSection(ExtensibilityGlobals) = postSolution
		SolutionGuid = {627D624C-10C8-4FA4-9EB1-7D2CF187182E}
	EndGlobalSection
EndGlobal
